{
  "name": "pratica",
  "version": "1.0.0",
  "lockfileVersion": 3,
  "requires": true,
  "packages": {
    "": {
      "name": "pratica",
      "version": "1.0.0",
      "license": "ISC",
      "devDependencies": {
        "pratica": "^2.2.0"
      }
    },
    "node_modules/pratica": {
      "version": "2.2.0",
      "resolved": "https://registry.npmjs.org/pratica/-/pratica-2.2.0.tgz",
      "integrity": "sha512-57Zj2LT+lOdOAw3/i45Ti4Kjr2n8xpGYMBK1tg0GMgSfWCdqLX9fvOz/ueujBxHBtAnyiiVUVQyWOZEivqknZg==",
      "dev": true
    }
  }
}
